
Microsoft Visual Studio Solution File, Format Version 12.00
# Visual Studio Version 17
VisualStudioVersion = 17.11.35208.52
MinimumVisualStudioVersion = 10.0.40219.1
Project("{8BC9CEB8-8B4A-11D0-8D11-00A0C91BC942}") = "SimulationLibrary", "Simulation Lab 1\Simulation Lab 1.vcxproj", "{42E8094B-194E-407A-A1FA-3EB89E73CCC4}"
EndProject
Project("{8BC9CEB8-8B4A-11D0-8D11-00A0C91BC942}") = "SimulationTest", "Sample-Test1\Sample-Test1.vcxproj", "{3422895B-6D51-4378-A791-F3E1111F3C0F}"
EndProject
Project("{8BC9CEB8-8B4A-11D0-8D11-00A0C91BC942}") = "SimulationSandBox", "SimulationSandBox\SimulationSandBox.vcxproj", "{43C7D7C2-E502-4607-AFB4-E1CE30187B2B}"
EndProject
Global
	GlobalSection(SolutionConfigurationPlatforms) = preSolution
		Debug|x64 = Debug|x64
		Debug|x86 = Debug|x86
		Release|x64 = Release|x64
		Release|x86 = Release|x86
	EndGlobalSection
	GlobalSection(ProjectConfigurationPlatforms) = postSolution
		{42E8094B-194E-407A-A1FA-3EB89E73CCC4}.Debug|x64.ActiveCfg = Debug|x64
		{42E8094B-194E-407A-A1FA-3EB89E73CCC4}.Debug|x64.Build.0 = Debug|x64
		{42E8094B-194E-407A-A1FA-3EB89E73CCC4}.Debug|x86.ActiveCfg = Debug|Win32
		{42E8094B-194E-407A-A1FA-3EB89E73CCC4}.Debug|x86.Build.0 = Debug|Win32
		{42E8094B-194E-407A-A1FA-3EB89E73CCC4}.Release|x64.ActiveCfg = Release|x64
		{42E8094B-194E-407A-A1FA-3EB89E73CCC4}.Release|x64.Build.0 = Release|x64
		{42E8094B-194E-407A-A1FA-3EB89E73CCC4}.Release|x86.ActiveCfg = Release|Win32
		{42E8094B-194E-407A-A1FA-3EB89E73CCC4}.Release|x86.Build.0 = Release|Win32
		{3422895B-6D51-4378-A791-F3E1111F3C0F}.Debug|x64.ActiveCfg = Debug|x64
		{3422895B-6D51-4378-A791-F3E1111F3C0F}.Debug|x64.Build.0 = Debug|x64
		{3422895B-6D51-4378-A791-F3E1111F3C0F}.Debug|x86.ActiveCfg = Debug|Win32
		{3422895B-6D51-4378-A791-F3E1111F3C0F}.Debug|x86.Build.0 = Debug|Win32
		{3422895B-6D51-4378-A791-F3E1111F3C0F}.Release|x64.ActiveCfg = Release|x64
		{3422895B-6D51-4378-A791-F3E1111F3C0F}.Release|x64.Build.0 = Release|x64
		{3422895B-6D51-4378-A791-F3E1111F3C0F}.Release|x86.ActiveCfg = Release|Win32
		{3422895B-6D51-4378-A791-F3E1111F3C0F}.Release|x86.Build.0 = Release|Win32
		{43C7D7C2-E502-4607-AFB4-E1CE30187B2B}.Debug|x64.ActiveCfg = Debug|x64
		{43C7D7C2-E502-4607-AFB4-E1CE30187B2B}.Debug|x64.Build.0 = Debug|x64
		{43C7D7C2-E502-4607-AFB4-E1CE30187B2B}.Debug|x86.ActiveCfg = Debug|Win32
		{43C7D7C2-E502-4607-AFB4-E1CE30187B2B}.Debug|x86.Build.0 = Debug|Win32
		{43C7D7C2-E502-4607-AFB4-E1CE30187B2B}.Release|x64.ActiveCfg = Release|x64
		{43C7D7C2-E502-4607-AFB4-E1CE30187B2B}.Release|x64.Build.0 = Release|x64
		{43C7D7C2-E502-4607-AFB4-E1CE30187B2B}.Release|x86.ActiveCfg = Release|Win32
		{43C7D7C2-E502-4607-AFB4-E1CE30187B2B}.Release|x86.Build.0 = Release|Win32
	EndGlobalSection
	GlobalSection(SolutionProperties) = preSolution
		HideSolutionNode = FALSE
	EndGlobalSection
	GlobalSection(ExtensibilityGlobals) = postSolution
		SolutionGuid = {51975127-F317-4383-AB38-14DE385C6A88}
	EndGlobalSection
EndGlobal
