<?xml version="1.0" encoding="utf-8"?>
<Project ToolsVersion="4.0" xmlns="http://schemas.microsoft.com/developer/msbuild/2003">
  <ItemGroup>
    <Filter Include="Source Files">
      <UniqueIdentifier>{4FC737F1-C7A5-4376-A066-2A32D752A2FF}</UniqueIdentifier>
      <Extensions>cpp;c;cc;cxx;c++;cppm;ixx;def;odl;idl;hpj;bat;asm;asmx</Extensions>
    </Filter>
    <Filter Include="Header Files">
      <UniqueIdentifier>{93995380-89BD-4b04-88EB-625FBE52EBFB}</UniqueIdentifier>
      <Extensions>h;hh;hpp;hxx;h++;hm;inl;inc;ipp;xsd</Extensions>
    </Filter>
    <Filter Include="Resource Files">
      <UniqueIdentifier>{67DA6AB6-F800-4c08-8B7A-83BB121AAD01}</UniqueIdentifier>
      <Extensions>rc;ico;cur;bmp;dlg;rc2;rct;bin;rgs;gif;jpg;jpeg;jpe;resx;tiff;tif;png;wav;mfcribbon-ms</Extensions>
    </Filter>
  </ItemGroup>
  <ItemGroup>
    <ClCompile Include="main.cpp">
      <Filter>Source Files</Filter>
    </ClCompile>
    <ClCompile Include="Src\WindowsAPI\WindowsManager.cpp">
      <Filter>Source Files</Filter>
    </ClCompile>
    <ClCompile Include="Src\RenderAPI\RenderManager.cpp">
      <Filter>Source Files</Filter>
    </ClCompile>
    <ClCompile Include="Src\Core\FrameUpdateManager.cpp">
      <Filter>Source Files</Filter>
    </ClCompile>
    <ClCompile Include="Src\ApplicationAPI\ApplicationManager.cpp">
      <Filter>Source Files</Filter>
    </ClCompile>
    <ClCompile Include="Src\Utils\Timer.cpp">
      <Filter>Source Files</Filter>
    </ClCompile>
    <ClCompile Include="Src\RenderAPI\Shapes\Object\CubeObject.cpp">
      <Filter>Source Files</Filter>
    </ClCompile>
    <ClCompile Include="Src\Core\IObjectInterface.cpp">
      <Filter>Source Files</Filter>
    </ClCompile>
    <ClCompile Include="Src\Core\Scenario.cpp">
      <Filter>Source Files</Filter>
    </ClCompile>
    <ClCompile Include="Externals\imgui\imgui.cpp">
      <Filter>Source Files</Filter>
    </ClCompile>
    <ClCompile Include="Externals\imgui\imgui_demo.cpp">
      <Filter>Source Files</Filter>
    </ClCompile>
    <ClCompile Include="Externals\imgui\imgui_draw.cpp">
      <Filter>Source Files</Filter>
    </ClCompile>
    <ClCompile Include="Externals\imgui\imgui_impl_dx11.cpp">
      <Filter>Source Files</Filter>
    </ClCompile>
    <ClCompile Include="Externals\imgui\imgui_impl_win32.cpp">
      <Filter>Source Files</Filter>
    </ClCompile>
    <ClCompile Include="Externals\imgui\imgui_tables.cpp">
      <Filter>Source Files</Filter>
    </ClCompile>
    <ClCompile Include="Externals\imgui\imgui_widgets.cpp">
      <Filter>Source Files</Filter>
    </ClCompile>
    <ClCompile Include="Src\Scenarios\ScenarioManager.cpp">
      <Filter>Source Files</Filter>
    </ClCompile>
    <ClCompile Include="Src\GuiAPI\GUIManager.cpp">
      <Filter>Source Files</Filter>
    </ClCompile>
    <ClCompile Include="Src\RenderAPI\CameraComponent.cpp">
      <Filter>Source Files</Filter>
    </ClCompile>
    <ClCompile Include="Src\RenderAPI\Light\SpotLight.cpp">
      <Filter>Source Files</Filter>
    </ClCompile>
    <ClCompile Include="Src\RenderAPI\Light\LightManager.cpp">
      <Filter>Source Files</Filter>
    </ClCompile>
    <ClCompile Include="Src\Core\IEntityInterface.cpp">
      <Filter>Source Files</Filter>
    </ClCompile>
    <ClCompile Include="Src\WindowsAPI\KeyboardComponent.cpp">
      <Filter>Source Files</Filter>
    </ClCompile>
    <ClCompile Include="Src\WindowsAPI\MouseComponent.cpp">
      <Filter>Source Files</Filter>
    </ClCompile>
    <ClCompile Include="Src\RenderAPI\Shapes\ObjectManager.cpp">
      <Filter>Source Files</Filter>
    </ClCompile>
    <ClCompile Include="Src\RenderAPI\Light\DirectionalLight.cpp">
      <Filter>Source Files</Filter>
    </ClCompile>
    <ClCompile Include="Src\RenderAPI\Light\PointLight.cpp">
      <Filter>Source Files</Filter>
    </ClCompile>
    <ClCompile Include="Src\RenderAPI\Shapes\Object\SphereObject.cpp">
      <Filter>Source Files</Filter>
    </ClCompile>
    <ClCompile Include="Src\RenderAPI\Shapes\Object\PrismObject.cpp">
      <Filter>Source Files</Filter>
    </ClCompile>
    <ClCompile Include="Src\RenderAPI\Shapes\Object\PyramidObject.cpp">
      <Filter>Source Files</Filter>
    </ClCompile>
    <ClCompile Include="Src\RenderAPI\Shapes\Object\CylinderObject.cpp">
      <Filter>Source Files</Filter>
    </ClCompile>
    <ClCompile Include="Src\RenderAPI\Shapes\Object\OctahedronObject.cpp">
      <Filter>Source Files</Filter>
    </ClCompile>
    <ClCompile Include="Src\RenderAPI\Shapes\Object\DodecahedronObject.cpp">
      <Filter>Source Files</Filter>
    </ClCompile>
    <ClCompile Include="Src\RenderAPI\Shapes\Object\ConeObject.cpp">
      <Filter>Source Files</Filter>
    </ClCompile>
    <ClCompile Include="Src\RenderAPI\Shapes\Object\TorusObject.cpp">
      <Filter>Source Files</Filter>
    </ClCompile>
    <ClCompile Include="Src\RenderAPI\Shapes\Object\HyperboloidObject.cpp">
      <Filter>Source Files</Filter>
    </ClCompile>
    <ClCompile Include="Src\Core\ILightInterface.cpp">
      <Filter>Source Files</Filter>
    </ClCompile>
    <ClCompile Include="Src\Core\IPhysicsInterface.cpp">
      <Filter>Source Files</Filter>
    </ClCompile>
    <ClCompile Include="Src\PhysicsAPI\PhysicsManager.cpp">
      <Filter>Source Files</Filter>
    </ClCompile>
  </ItemGroup>
  <ItemGroup>
    <ClInclude Include="Include\Core\Interface\ISubsystemInterface.h">
      <Filter>Header Files</Filter>
    </ClInclude>
    <ClInclude Include="Include\Core\SystemManager\SubsystemManager.h">
      <Filter>Header Files</Filter>
    </ClInclude>
    <ClInclude Include="Include\WindowsAPI\WindowsManager.h">
      <Filter>Header Files</Filter>
    </ClInclude>
    <ClInclude Include="Include\RenderAPI\RenderManager.h">
      <Filter>Header Files</Filter>
    </ClInclude>
    <ClInclude Include="Include\Core\Interface\IFrame.h">
      <Filter>Header Files</Filter>
    </ClInclude>
    <ClInclude Include="Include\Core\SystemManager\FrameUpdateManager.h">
      <Filter>Header Files</Filter>
    </ClInclude>
    <ClInclude Include="Include\ApplicationAPI\ApplicationManager.h">
      <Filter>Header Files</Filter>
    </ClInclude>
    <ClInclude Include="Include\Utils\Timer.h">
      <Filter>Header Files</Filter>
    </ClInclude>
    <ClInclude Include="Include\Core\Interface\IObjectInterface.h">
      <Filter>Header Files</Filter>
    </ClInclude>
    <ClInclude Include="Include\RenderAPI\Shapes\Object\CubeObject.h">
      <Filter>Header Files</Filter>
    </ClInclude>
    <ClInclude Include="Include\RenderAPI\DefineRender.h">
      <Filter>Header Files</Filter>
    </ClInclude>
    <ClInclude Include="Include\RenderAPI\RenderQueue.h">
      <Filter>Header Files</Filter>
    </ClInclude>
    <ClInclude Include="Include\Scenarios\Scenario.h">
      <Filter>Header Files</Filter>
    </ClInclude>
    <ClInclude Include="Externals\imgui\imconfig.h">
      <Filter>Header Files</Filter>
    </ClInclude>
    <ClInclude Include="Externals\imgui\imgui.h">
      <Filter>Header Files</Filter>
    </ClInclude>
    <ClInclude Include="Externals\imgui\imgui_impl_dx11.h">
      <Filter>Header Files</Filter>
    </ClInclude>
    <ClInclude Include="Externals\imgui\imgui_impl_win32.h">
      <Filter>Header Files</Filter>
    </ClInclude>
    <ClInclude Include="Externals\imgui\imgui_internal.h">
      <Filter>Header Files</Filter>
    </ClInclude>
    <ClInclude Include="Externals\imgui\imstb_rectpack.h">
      <Filter>Header Files</Filter>
    </ClInclude>
    <ClInclude Include="Externals\imgui\imstb_textedit.h">
      <Filter>Header Files</Filter>
    </ClInclude>
    <ClInclude Include="Externals\imgui\imstb_truetype.h">
      <Filter>Header Files</Filter>
    </ClInclude>
    <ClInclude Include="Include\Scenarios\ScenarioManager.h">
      <Filter>Header Files</Filter>
    </ClInclude>
    <ClInclude Include="Include\GuiAPI\GUIManager.h">
      <Filter>Header Files</Filter>
    </ClInclude>
    <ClInclude Include="Include\Core\RegistryManager\RegistryShape.h">
      <Filter>Header Files</Filter>
    </ClInclude>
    <ClInclude Include="Include\RenderAPI\Shapes\DefineShape.h">
      <Filter>Header Files</Filter>
    </ClInclude>
    <ClInclude Include="Include\GuiAPI\IUIElement.h">
      <Filter>Header Files</Filter>
    </ClInclude>
    <ClInclude Include="Include\RenderAPI\CameraComponent.h">
      <Filter>Header Files</Filter>
    </ClInclude>
    <ClInclude Include="resource.h">
      <Filter>Header Files</Filter>
    </ClInclude>
    <ClInclude Include="Include\Core\Interface\ILightInterface.h">
      <Filter>Header Files</Filter>
    </ClInclude>
    <ClInclude Include="Include\RenderAPI\Light\SpotLight.h">
      <Filter>Header Files</Filter>
    </ClInclude>
    <ClInclude Include="Include\RenderAPI\Light\LightManager.h">
      <Filter>Header Files</Filter>
    </ClInclude>
    <ClInclude Include="Include\Core\Interface\IEntityInterface.h">
      <Filter>Header Files</Filter>
    </ClInclude>
    <ClInclude Include="Include\WindowsAPI\KeyboardComponent.h">
      <Filter>Header Files</Filter>
    </ClInclude>
    <ClInclude Include="Include\WindowsAPI\MouseComponent.h">
      <Filter>Header Files</Filter>
    </ClInclude>
    <ClInclude Include="Include\RenderAPI\Shapes\ObjectManager.h">
      <Filter>Header Files</Filter>
    </ClInclude>
    <ClInclude Include="Include\Core\Interface\IStateInterface.h">
      <Filter>Header Files</Filter>
    </ClInclude>
    <ClInclude Include="Include\RenderAPI\Light\DirectionalLight.h">
      <Filter>Header Files</Filter>
    </ClInclude>
    <ClInclude Include="Include\RenderAPI\Light\PointLight.h">
      <Filter>Header Files</Filter>
    </ClInclude>
    <ClInclude Include="Include\Core\RegistryManager\RegistryLight.h">
      <Filter>Header Files</Filter>
    </ClInclude>
    <ClInclude Include="Include\RenderAPI\Light\DefineLight.h">
      <Filter>Header Files</Filter>
    </ClInclude>
    <ClInclude Include="Include\WindowsAPI\WindowsHelper.h">
      <Filter>Header Files</Filter>
    </ClInclude>
    <ClInclude Include="Include\RenderAPI\Shapes\Object\SphereObject.h">
      <Filter>Header Files</Filter>
    </ClInclude>
    <ClInclude Include="Include\RenderAPI\Shapes\Object\PrismObject.h">
      <Filter>Header Files</Filter>
    </ClInclude>
    <ClInclude Include="Include\RenderAPI\Shapes\Object\PyramidObject.h">
      <Filter>Header Files</Filter>
    </ClInclude>
    <ClInclude Include="Include\RenderAPI\Shapes\Object\CylinderObject.h">
      <Filter>Header Files</Filter>
    </ClInclude>
    <ClInclude Include="Include\RenderAPI\Shapes\Object\OctahedronObject.h">
      <Filter>Header Files</Filter>
    </ClInclude>
    <ClInclude Include="Include\RenderAPI\Shapes\Object\DodecahedronObject.h">
      <Filter>Header Files</Filter>
    </ClInclude>
    <ClInclude Include="Include\RenderAPI\Shapes\Object\ConeObject.h">
      <Filter>Header Files</Filter>
    </ClInclude>
    <ClInclude Include="Include\RenderAPI\Shapes\Object\TorusObject.h">
      <Filter>Header Files</Filter>
    </ClInclude>
    <ClInclude Include="Include\RenderAPI\Shapes\Object\HyperboloidObject.h">
      <Filter>Header Files</Filter>
    </ClInclude>
    <ClInclude Include="Include\Core\Components\PhysicsObject.h">
      <Filter>Header Files</Filter>
    </ClInclude>
    <ClInclude Include="Include\Core\RegistryManager\RegistryEffect.h">
      <Filter>Header Files</Filter>
    </ClInclude>
    <ClInclude Include="Include\PhysicsAPI\PhysicsManager.h">
      <Filter>Header Files</Filter>
    </ClInclude>
  </ItemGroup>
  <ItemGroup>
    <None Include="Readme.md" />
    <None Include="Shaders\SimplePixelShader.cso" />
    <None Include="Shaders\SimpleVertexShader.cso" />
    <None Include="packages.config" />
    <None Include="Data\saved_scenarios.json" />
  </ItemGroup>
  <ItemGroup>
    <FxCompile Include="Shaders\Code\SimpleVertexShader.hlsl" />
    <FxCompile Include="Shaders\Code\SimplePixelShader.hlsl" />
  </ItemGroup>
  <ItemGroup>
    <ResourceCompile Include="SimulationSandBox.rc">
      <Filter>Resource Files</Filter>
    </ResourceCompile>
  </ItemGroup>
  <ItemGroup>
    <Image Include="naruto_icon.ico">
      <Filter>Resource Files</Filter>
    </Image>
    <Image Include="physics_icon.ico">
      <Filter>Resource Files</Filter>
    </Image>
    <Image Include="naruto_48.ico">
      <Filter>Resource Files</Filter>
    </Image>
    <Image Include="Data\textures\test_texture.jpg">
      <Filter>Resource Files</Filter>
    </Image>
  </ItemGroup>
</Project>