<?xml version="1.0" encoding="utf-8"?>
<Project ToolsVersion="4.0" xmlns="http://schemas.microsoft.com/developer/msbuild/2003">
  <ItemGroup>
    <Filter Include="Source Files">
      <UniqueIdentifier>{4FC737F1-C7A5-4376-A066-2A32D752A2FF}</UniqueIdentifier>
      <Extensions>cpp;c;cc;cxx;c++;cppm;ixx;def;odl;idl;hpj;bat;asm;asmx</Extensions>
    </Filter>
    <Filter Include="Header Files">
      <UniqueIdentifier>{93995380-89BD-4b04-88EB-625FBE52EBFB}</UniqueIdentifier>
      <Extensions>h;hh;hpp;hxx;h++;hm;inl;inc;ipp;xsd</Extensions>
    </Filter>
    <Filter Include="Resource Files">
      <UniqueIdentifier>{67DA6AB6-F800-4c08-8B7A-83BB121AAD01}</UniqueIdentifier>
      <Extensions>rc;ico;cur;bmp;dlg;rc2;rct;bin;rgs;gif;jpg;jpeg;jpe;resx;tiff;tif;png;wav;mfcribbon-ms</Extensions>
    </Filter>
  </ItemGroup>
  <ItemGroup>
    <ClCompile Include="main.cpp">
      <Filter>Source Files</Filter>
    </ClCompile>
    <ClCompile Include="Src\WindowsAPI\WindowsManager.cpp">
      <Filter>Source Files</Filter>
    </ClCompile>
    <ClCompile Include="Src\RenderAPI\RenderManager.cpp">
      <Filter>Source Files</Filter>
    </ClCompile>
    <ClCompile Include="Src\Core\FrameUpdateManager.cpp">
      <Filter>Source Files</Filter>
    </ClCompile>
    <ClCompile Include="Src\ApplicationAPI\ApplicationManager.cpp">
      <Filter>Source Files</Filter>
    </ClCompile>
    <ClCompile Include="Src\Utils\Timer.cpp">
      <Filter>Source Files</Filter>
    </ClCompile>
    <ClCompile Include="Src\Shapes\CubeObject.cpp">
      <Filter>Source Files</Filter>
    </ClCompile>
    <ClCompile Include="Src\Core\IObjectInterface.cpp">
      <Filter>Source Files</Filter>
    </ClCompile>
    <ClCompile Include="Src\Core\IScenarioBase.cpp">
      <Filter>Source Files</Filter>
    </ClCompile>
    <ClCompile Include="Src\Scenarios\PlaneScenario.cpp">
      <Filter>Source Files</Filter>
    </ClCompile>
    <ClCompile Include="Externals\imgui\imgui.cpp">
      <Filter>Source Files</Filter>
    </ClCompile>
    <ClCompile Include="Externals\imgui\imgui_demo.cpp">
      <Filter>Source Files</Filter>
    </ClCompile>
    <ClCompile Include="Externals\imgui\imgui_draw.cpp">
      <Filter>Source Files</Filter>
    </ClCompile>
    <ClCompile Include="Externals\imgui\imgui_impl_dx11.cpp">
      <Filter>Source Files</Filter>
    </ClCompile>
    <ClCompile Include="Externals\imgui\imgui_impl_win32.cpp">
      <Filter>Source Files</Filter>
    </ClCompile>
    <ClCompile Include="Externals\imgui\imgui_tables.cpp">
      <Filter>Source Files</Filter>
    </ClCompile>
    <ClCompile Include="Externals\imgui\imgui_widgets.cpp">
      <Filter>Source Files</Filter>
    </ClCompile>
  </ItemGroup>
  <ItemGroup>
    <ClInclude Include="Include\Core\ISubsystemInterface.h">
      <Filter>Header Files</Filter>
    </ClInclude>
    <ClInclude Include="Include\Core\SubsystemManager.h">
      <Filter>Header Files</Filter>
    </ClInclude>
    <ClInclude Include="Include\WindowsAPI\WindowsManager.h">
      <Filter>Header Files</Filter>
    </ClInclude>
    <ClInclude Include="Include\RenderAPI\RenderManager.h">
      <Filter>Header Files</Filter>
    </ClInclude>
    <ClInclude Include="Include\Core\IFrame.h">
      <Filter>Header Files</Filter>
    </ClInclude>
    <ClInclude Include="Include\Core\FrameUpdateManager.h">
      <Filter>Header Files</Filter>
    </ClInclude>
    <ClInclude Include="Include\ApplicationAPI\ApplicationManager.h">
      <Filter>Header Files</Filter>
    </ClInclude>
    <ClInclude Include="Include\Info\ErrorCodes.h">
      <Filter>Header Files</Filter>
    </ClInclude>
    <ClInclude Include="Include\Utils\Timer.h">
      <Filter>Header Files</Filter>
    </ClInclude>
    <ClInclude Include="Include\Core\IObjectInterface.h">
      <Filter>Header Files</Filter>
    </ClInclude>
    <ClInclude Include="Include\Shapes\CubeObject.h">
      <Filter>Header Files</Filter>
    </ClInclude>
    <ClInclude Include="Include\Core\RenderDefine.h">
      <Filter>Header Files</Filter>
    </ClInclude>
    <ClInclude Include="Include\RenderAPI\RenderQueue.h">
      <Filter>Header Files</Filter>
    </ClInclude>
    <ClInclude Include="Include\Core\IScenarioBase.h">
      <Filter>Header Files</Filter>
    </ClInclude>
    <ClInclude Include="Include\Scenarios\PlaneScenario.h">
      <Filter>Header Files</Filter>
    </ClInclude>
    <ClInclude Include="Externals\imgui\imconfig.h">
      <Filter>Header Files</Filter>
    </ClInclude>
    <ClInclude Include="Externals\imgui\imgui.h">
      <Filter>Header Files</Filter>
    </ClInclude>
    <ClInclude Include="Externals\imgui\imgui_impl_dx11.h">
      <Filter>Header Files</Filter>
    </ClInclude>
    <ClInclude Include="Externals\imgui\imgui_impl_win32.h">
      <Filter>Header Files</Filter>
    </ClInclude>
    <ClInclude Include="Externals\imgui\imgui_internal.h">
      <Filter>Header Files</Filter>
    </ClInclude>
    <ClInclude Include="Externals\imgui\imstb_rectpack.h">
      <Filter>Header Files</Filter>
    </ClInclude>
    <ClInclude Include="Externals\imgui\imstb_textedit.h">
      <Filter>Header Files</Filter>
    </ClInclude>
    <ClInclude Include="Externals\imgui\imstb_truetype.h">
      <Filter>Header Files</Filter>
    </ClInclude>
  </ItemGroup>
  <ItemGroup>
    <None Include="Include\Info\ErrorCodes.def">
      <Filter>Source Files</Filter>
    </None>
    <None Include="To-Do.md" />
    <None Include="Shaders\SimplePixelShader.cso" />
    <None Include="Shaders\SimpleVertexShader.cso" />
  </ItemGroup>
  <ItemGroup>
    <FxCompile Include="Shaders\Code\SimpleVertexShader.hlsl" />
    <FxCompile Include="Shaders\Code\SimplePixelShader.hlsl" />
  </ItemGroup>
</Project>